
Microsoft Visual Studio Solution File, Format Version 12.00
# Visual Studio Version 17
VisualStudioVersion = 17.3.32825.248
MinimumVisualStudioVersion = 10.0.40219.1
Project("{9A19103F-16F7-4668-BE54-9A1E7A4F7556}") = "Exercise01", "Exercise01\Exercise01.csproj", "{352CE3B5-6D52-4EDD-9E96-B52C1C35025D}"
EndProject
Project("{9A19103F-16F7-4668-BE54-9A1E7A4F7556}") = "Exercise02", "Exercise02\Exercise02.csproj", "{E01F55FA-76D2-490D-B273-048E2BC67A65}"
EndProject
Project("{FAE04EC0-301F-11D3-BF4B-00C04F79EFBC}") = "TestExercise01", "TestExercise01\TestExercise01.csproj", "{D086C390-1ABE-4205-BE46-85A3E812D500}"
EndProject
Global
	GlobalSection(SolutionConfigurationPlatforms) = preSolution
		Debug|Any CPU = Debug|Any CPU
		Release|Any CPU = Release|Any CPU
	EndGlobalSection
	GlobalSection(ProjectConfigurationPlatforms) = postSolution
		{352CE3B5-6D52-4EDD-9E96-B52C1C35025D}.Debug|Any CPU.ActiveCfg = Debug|Any CPU
		{352CE3B5-6D52-4EDD-9E96-B52C1C35025D}.Debug|Any CPU.Build.0 = Debug|Any CPU
		{352CE3B5-6D52-4EDD-9E96-B52C1C35025D}.Release|Any CPU.ActiveCfg = Release|Any CPU
		{352CE3B5-6D52-4EDD-9E96-B52C1C35025D}.Release|Any CPU.Build.0 = Release|Any CPU
		{E01F55FA-76D2-490D-B273-048E2BC67A65}.Debug|Any CPU.ActiveCfg = Debug|Any CPU
		{E01F55FA-76D2-490D-B273-048E2BC67A65}.Debug|Any CPU.Build.0 = Debug|Any CPU
		{E01F55FA-76D2-490D-B273-048E2BC67A65}.Release|Any CPU.ActiveCfg = Release|Any CPU
		{E01F55FA-76D2-490D-B273-048E2BC67A65}.Release|Any CPU.Build.0 = Release|Any CPU
		{D086C390-1ABE-4205-BE46-85A3E812D500}.Debug|Any CPU.ActiveCfg = Debug|Any CPU
		{D086C390-1ABE-4205-BE46-85A3E812D500}.Debug|Any CPU.Build.0 = Debug|Any CPU
		{D086C390-1ABE-4205-BE46-85A3E812D500}.Release|Any CPU.ActiveCfg = Release|Any CPU
		{D086C390-1ABE-4205-BE46-85A3E812D500}.Release|Any CPU.Build.0 = Release|Any CPU
	EndGlobalSection
	GlobalSection(SolutionProperties) = preSolution
		HideSolutionNode = FALSE
	EndGlobalSection
	GlobalSection(ExtensibilityGlobals) = postSolution
		SolutionGuid = {045AFE87-FA07-498F-BB22-53B87DBAC84A}
	EndGlobalSection
EndGlobal
